# This file is automatically @generated by Poetry 1.5.0 and should not be changed by hand.

[[package]]
name = "natsort"
version = "8.3.1"
description = "Simple yet flexible natural sorting in Python."
optional = false
python-versions = ">=3.7"
files = [
    {file = "natsort-8.3.1-py3-none-any.whl", hash = "sha256:d583bc9050dd10538de36297c960b93f873f0cd01671a3c50df5bd86dd391dcb"},
    {file = "natsort-8.3.1.tar.gz", hash = "sha256:517595492dde570a4fd6b6a76f644440c1ba51e2338c8a671d7f0475fda8f9fd"},
]

[package.extras]
fast = ["fastnumbers (>=2.0.0)"]
icu = ["PyICU (>=1.0.0)"]

[[package]]
name = "numpy"
version = "1.24.3"
description = "Fundamental package for array computing in Python"
optional = false
python-versions = ">=3.8"
files = [
    {file = "numpy-1.24.3-cp310-cp310-macosx_10_9_x86_64.whl", hash = "sha256:3c1104d3c036fb81ab923f507536daedc718d0ad5a8707c6061cdfd6d184e570"},
    {file = "numpy-1.24.3-cp310-cp310-macosx_11_0_arm64.whl", hash = "sha256:202de8f38fc4a45a3eea4b63e2f376e5f2dc64ef0fa692838e31a808520efaf7"},
    {file = "numpy-1.24.3-cp310-cp310-manylinux_2_17_aarch64.manylinux2014_aarch64.whl", hash = "sha256:8535303847b89aa6b0f00aa1dc62867b5a32923e4d1681a35b5eef2d9591a463"},
    {file = "numpy-1.24.3-cp310-cp310-manylinux_2_17_x86_64.manylinux2014_x86_64.whl", hash = "sha256:2d926b52ba1367f9acb76b0df6ed21f0b16a1ad87c6720a1121674e5cf63e2b6"},
    {file = "numpy-1.24.3-cp310-cp310-win32.whl", hash = "sha256:f21c442fdd2805e91799fbe044a7b999b8571bb0ab0f7850d0cb9641a687092b"},
    {file = "numpy-1.24.3-cp310-cp310-win_amd64.whl", hash = "sha256:ab5f23af8c16022663a652d3b25dcdc272ac3f83c3af4c02eb8b824e6b3ab9d7"},
    {file = "numpy-1.24.3-cp311-cp311-macosx_10_9_x86_64.whl", hash = "sha256:9a7721ec204d3a237225db3e194c25268faf92e19338a35f3a224469cb6039a3"},
    {file = "numpy-1.24.3-cp311-cp311-macosx_11_0_arm64.whl", hash = "sha256:d6cc757de514c00b24ae8cf5c876af2a7c3df189028d68c0cb4eaa9cd5afc2bf"},
    {file = "numpy-1.24.3-cp311-cp311-manylinux_2_17_aarch64.manylinux2014_aarch64.whl", hash = "sha256:76e3f4e85fc5d4fd311f6e9b794d0c00e7002ec122be271f2019d63376f1d385"},
    {file = "numpy-1.24.3-cp311-cp311-manylinux_2_17_x86_64.manylinux2014_x86_64.whl", hash = "sha256:a1d3c026f57ceaad42f8231305d4653d5f05dc6332a730ae5c0bea3513de0950"},
    {file = "numpy-1.24.3-cp311-cp311-win32.whl", hash = "sha256:c91c4afd8abc3908e00a44b2672718905b8611503f7ff87390cc0ac3423fb096"},
    {file = "numpy-1.24.3-cp311-cp311-win_amd64.whl", hash = "sha256:5342cf6aad47943286afa6f1609cad9b4266a05e7f2ec408e2cf7aea7ff69d80"},
    {file = "numpy-1.24.3-cp38-cp38-macosx_10_9_x86_64.whl", hash = "sha256:7776ea65423ca6a15255ba1872d82d207bd1e09f6d0894ee4a64678dd2204078"},
    {file = "numpy-1.24.3-cp38-cp38-macosx_11_0_arm64.whl", hash = "sha256:ae8d0be48d1b6ed82588934aaaa179875e7dc4f3d84da18d7eae6eb3f06c242c"},
    {file = "numpy-1.24.3-cp38-cp38-manylinux_2_17_aarch64.manylinux2014_aarch64.whl", hash = "sha256:ecde0f8adef7dfdec993fd54b0f78183051b6580f606111a6d789cd14c61ea0c"},
    {file = "numpy-1.24.3-cp38-cp38-manylinux_2_17_x86_64.manylinux2014_x86_64.whl", hash = "sha256:4749e053a29364d3452c034827102ee100986903263e89884922ef01a0a6fd2f"},
    {file = "numpy-1.24.3-cp38-cp38-win32.whl", hash = "sha256:d933fabd8f6a319e8530d0de4fcc2e6a61917e0b0c271fded460032db42a0fe4"},
    {file = "numpy-1.24.3-cp38-cp38-win_amd64.whl", hash = "sha256:56e48aec79ae238f6e4395886b5eaed058abb7231fb3361ddd7bfdf4eed54289"},
    {file = "numpy-1.24.3-cp39-cp39-macosx_10_9_x86_64.whl", hash = "sha256:4719d5aefb5189f50887773699eaf94e7d1e02bf36c1a9d353d9f46703758ca4"},
    {file = "numpy-1.24.3-cp39-cp39-macosx_11_0_arm64.whl", hash = "sha256:0ec87a7084caa559c36e0a2309e4ecb1baa03b687201d0a847c8b0ed476a7187"},
    {file = "numpy-1.24.3-cp39-cp39-manylinux_2_17_aarch64.manylinux2014_aarch64.whl", hash = "sha256:ea8282b9bcfe2b5e7d491d0bf7f3e2da29700cec05b49e64d6246923329f2b02"},
    {file = "numpy-1.24.3-cp39-cp39-manylinux_2_17_x86_64.manylinux2014_x86_64.whl", hash = "sha256:210461d87fb02a84ef243cac5e814aad2b7f4be953b32cb53327bb49fd77fbb4"},
    {file = "numpy-1.24.3-cp39-cp39-win32.whl", hash = "sha256:784c6da1a07818491b0ffd63c6bbe5a33deaa0e25a20e1b3ea20cf0e43f8046c"},
    {file = "numpy-1.24.3-cp39-cp39-win_amd64.whl", hash = "sha256:d5036197ecae68d7f491fcdb4df90082b0d4960ca6599ba2659957aafced7c17"},
    {file = "numpy-1.24.3-pp38-pypy38_pp73-macosx_10_9_x86_64.whl", hash = "sha256:352ee00c7f8387b44d19f4cada524586f07379c0d49270f87233983bc5087ca0"},
    {file = "numpy-1.24.3-pp38-pypy38_pp73-manylinux_2_17_x86_64.manylinux2014_x86_64.whl", hash = "sha256:1a7d6acc2e7524c9955e5c903160aa4ea083736fde7e91276b0e5d98e6332812"},
    {file = "numpy-1.24.3-pp38-pypy38_pp73-win_amd64.whl", hash = "sha256:35400e6a8d102fd07c71ed7dcadd9eb62ee9a6e84ec159bd48c28235bbb0f8e4"},
    {file = "numpy-1.24.3.tar.gz", hash = "sha256:ab344f1bf21f140adab8e47fdbc7c35a477dc01408791f8ba00d018dd0bc5155"},
]

[[package]]
name = "opencv-python"
version = "4.7.0.72"
description = "Wrapper package for OpenCV python bindings."
optional = false
python-versions = ">=3.6"
files = [
    {file = "opencv-python-4.7.0.72.tar.gz", hash = "sha256:3424794a711f33284581f3c1e4b071cfc827d02b99d6fd9a35391f517c453306"},
    {file = "opencv_python-4.7.0.72-cp37-abi3-macosx_10_16_x86_64.whl", hash = "sha256:d4f8880440c433a0025d78804dda6901d1e8e541a561dda66892d90290aef881"},
    {file = "opencv_python-4.7.0.72-cp37-abi3-macosx_11_0_arm64.whl", hash = "sha256:7a297e7651e22eb17c265ddbbc80e2ba2a8ff4f4a1696a67c45e5f5798245842"},
    {file = "opencv_python-4.7.0.72-cp37-abi3-manylinux_2_17_aarch64.manylinux2014_aarch64.whl", hash = "sha256:cd08343654c6b88c5a8c25bf425f8025aed2e3189b4d7306b5861d32affaf737"},
    {file = "opencv_python-4.7.0.72-cp37-abi3-manylinux_2_17_x86_64.manylinux2014_x86_64.whl", hash = "sha256:ebfc0a3a2f57716e709028b992e4de7fd8752105d7a768531c4f434043c6f9ff"},
    {file = "opencv_python-4.7.0.72-cp37-abi3-win32.whl", hash = "sha256:eda115797b114fc16ca6f182b91c5d984f0015c19bec3145e55d33d708e9bae1"},
    {file = "opencv_python-4.7.0.72-cp37-abi3-win_amd64.whl", hash = "sha256:812af57553ec1c6709060c63f6b7e9ad07ddc0f592f3ccc6d00c71e0fe0e6376"},
]

[package.dependencies]
numpy = [
    {version = ">=1.21.0", markers = "python_version <= \"3.9\" and platform_system == \"Darwin\" and platform_machine == \"arm64\""},
    {version = ">=1.21.2", markers = "python_version >= \"3.10\""},
    {version = ">=1.21.4", markers = "python_version >= \"3.10\" and platform_system == \"Darwin\""},
    {version = ">=1.22.0", markers = "python_version >= \"3.11\""},
    {version = ">=1.19.3", markers = "python_version >= \"3.6\" and platform_system == \"Linux\" and platform_machine == \"aarch64\" or python_version >= \"3.9\""},
    {version = ">=1.17.0", markers = "python_version >= \"3.7\""},
    {version = ">=1.17.3", markers = "python_version >= \"3.8\""},
]

[[package]]
name = "pyside6"
version = "6.5.0"
description = "Python bindings for the Qt cross-platform application and UI framework"
optional = false
python-versions = "<3.12,>=3.7"
files = [
    {file = "PySide6-6.5.0-cp37-abi3-macosx_10_9_universal2.whl", hash = "sha256:cb059a0f3d4b763451a1e8dec440784dff1728e9ace6cb81c541cc1354c5f3dc"},
    {file = "PySide6-6.5.0-cp37-abi3-manylinux_2_28_x86_64.whl", hash = "sha256:5102c57841b15facb0aeca1f23d689ebc528a609bf5fb907f1ef2747f6415001"},
    {file = "PySide6-6.5.0-cp37-abi3-win_amd64.whl", hash = "sha256:13e8e96aa7a89840575505f50b9635e6450bf413ff46288d1085b3a9f8b225c1"},
    {file = "PySide6-6.5.0-pp39-pypy39_pp73-macosx_10_9_universal2.whl", hash = "sha256:f30e1d0319ea4d2ddac654c58377079a40f38c4cac7b6fd631902f91190c1fc8"},
    {file = "PySide6-6.5.0-pp39-pypy39_pp73-manylinux_2_28_x86_64.whl", hash = "sha256:c1c7244a4e83b3a4ea965f4a85776ebc64fa3c9b4af77ad70b22e64ccec3d451"},
    {file = "PySide6-6.5.0-pp39-pypy39_pp73-win_amd64.whl", hash = "sha256:7242fe09aaeb3399152fa1c6c25098b93df945620a4bd81a37de0ecb2f64fd5d"},
]

[package.dependencies]
PySide6-Addons = "6.5.0"
PySide6-Essentials = "6.5.0"
shiboken6 = "6.5.0"

[[package]]
name = "pyside6-addons"
version = "6.5.0"
description = "Python bindings for the Qt cross-platform application and UI framework (Addons)"
optional = false
python-versions = "<3.12,>=3.7"
files = [
    {file = "PySide6_Addons-6.5.0-cp37-abi3-macosx_10_9_universal2.whl", hash = "sha256:d29e84d0b54c5fdeb6cc405d537788a648da975cc58e37f0df3a17cd11a67f1d"},
    {file = "PySide6_Addons-6.5.0-cp37-abi3-manylinux_2_28_x86_64.whl", hash = "sha256:29551ca63a1cbc0fcd17fa9e477282857e2c66c3a55fdb9754b75519d5adf89a"},
    {file = "PySide6_Addons-6.5.0-cp37-abi3-win_amd64.whl", hash = "sha256:db7a6117c3f944b4827204ed7f346030fc10c602521f278310a78021567df28f"},
    {file = "PySide6_Addons-6.5.0-pp39-pypy39_pp73-macosx_10_9_universal2.whl", hash = "sha256:fd5bc46cfffac7afa2f76c3dc6cb6f567a0ad1276d8177797c1bc152aec50f35"},
    {file = "PySide6_Addons-6.5.0-pp39-pypy39_pp73-manylinux_2_28_x86_64.whl", hash = "sha256:9ed197a05f1c279d1589d8535040fe5e21b92fa19933e38de962050cb58f6c05"},
    {file = "PySide6_Addons-6.5.0-pp39-pypy39_pp73-win_amd64.whl", hash = "sha256:1a9545df3e77c656a3708eaa3584d98ff41720c7dadf344d5126d66e83d0ab5a"},
]

[package.dependencies]
PySide6-Essentials = "6.5.0"
shiboken6 = "6.5.0"

[[package]]
name = "pyside6-essentials"
version = "6.5.0"
description = "Python bindings for the Qt cross-platform application and UI framework (Essentials)"
optional = false
python-versions = "<3.12,>=3.7"
files = [
    {file = "PySide6_Essentials-6.5.0-cp37-abi3-macosx_10_9_universal2.whl", hash = "sha256:4517e27fc540d9e645ea12dea82c8b29c042d66aaef46960a125cccdf0079800"},
    {file = "PySide6_Essentials-6.5.0-cp37-abi3-manylinux_2_28_x86_64.whl", hash = "sha256:f00d4f10758cdc3f49f94465ead788ad294dac7d9cc5e1cc0610e97c2bdfc8d7"},
    {file = "PySide6_Essentials-6.5.0-cp37-abi3-win_amd64.whl", hash = "sha256:bc2e0a9dafe383ab965e98b6ddf73f709da3736197dea8eab265fd3e524db993"},
    {file = "PySide6_Essentials-6.5.0-pp39-pypy39_pp73-macosx_10_9_universal2.whl", hash = "sha256:58a88a099171c55a7e41e519208c9ca93661d277bb73c5897a2e3f2cbe5248b7"},
    {file = "PySide6_Essentials-6.5.0-pp39-pypy39_pp73-manylinux_2_28_x86_64.whl", hash = "sha256:0287ec94ee1923d430bb20836bc649a5c76a59281245de469d7f759cc73c5ea7"},
    {file = "PySide6_Essentials-6.5.0-pp39-pypy39_pp73-win_amd64.whl", hash = "sha256:987c2ec04c35481c841de9b25931d2d074eb7d2e591aa5628041b2ca2df96d0e"},
]

[package.dependencies]
shiboken6 = "6.5.0"

[[package]]
name = "qimage2ndarray"
version = "1.10.0"
description = "Conversion between QImages and numpy.ndarrays."
optional = false
python-versions = "*"
files = [
    {file = "qimage2ndarray-1.10.0-py3-none-any.whl", hash = "sha256:4c1c2a4ef2f72a7943392ee76305da87831274b9a10f00ccf624a54cb335ec6d"},
    {file = "qimage2ndarray-1.10.0.tar.gz", hash = "sha256:3725102446dc8a696b2ec775b1d2af43b13af6a7f9ebee8a37115bb9543a2c58"},
]

[package.dependencies]
numpy = "*"

[package.extras]
pyqt4 = ["PyQt4"]
pyqt5 = ["PyQt5"]
pyqt6 = ["PyQt6"]
pyside = ["PySide"]
pyside2 = ["PySide2"]
pyside6 = ["PySide6"]

[[package]]
name = "shiboken6"
version = "6.5.0"
description = "Python/C++ bindings helper module"
optional = false
python-versions = "<3.12,>=3.7"
files = [
    {file = "shiboken6-6.5.0-cp37-abi3-macosx_10_9_universal2.whl", hash = "sha256:2d7fe6534a51ec9c96b82fc6275cf75e85ab29276a9778aed756465f81adf0c1"},
    {file = "shiboken6-6.5.0-cp37-abi3-manylinux_2_28_x86_64.whl", hash = "sha256:46ff977f96c9d45dba3c3a313628356fd40e4423bb65bf2d9870b73396fad8be"},
    {file = "shiboken6-6.5.0-cp37-abi3-win_amd64.whl", hash = "sha256:aee9708517821aaef547c83d689bf524d6f217d47232cb313d9af9e630215eed"},
    {file = "shiboken6-6.5.0-pp39-pypy39_pp73-macosx_10_9_universal2.whl", hash = "sha256:6e2874ea013d4cea7819935977bffa4c634ebcaabcb5287798df9f0c2f10c4c0"},
    {file = "shiboken6-6.5.0-pp39-pypy39_pp73-manylinux_2_28_x86_64.whl", hash = "sha256:72888ebc5ef7295df27197c0af726bd6731e2a883b346e448e2c740b3e34bc2f"},
    {file = "shiboken6-6.5.0-pp39-pypy39_pp73-win_amd64.whl", hash = "sha256:1bba668221a5cf40186cea93ced018cf788d7476d50968a3f073ebbe41ce712d"},
]

[[package]]
name = "tifffile"
version = "2023.4.12"
description = "Read and write TIFF files"
optional = false
python-versions = ">=3.8"
files = [
    {file = "tifffile-2023.4.12-py3-none-any.whl", hash = "sha256:3161954746fe32c4f4244d0fb2eb0a272f3a3760b78882a42faa83ac5e6e0b74"},
    {file = "tifffile-2023.4.12.tar.gz", hash = "sha256:2fa99f9890caab919d932a0acaa9d0f5843dc2ef3594e212963932e20713badd"},
]

[package.dependencies]
numpy = "*"

[package.extras]
all = ["defusedxml", "fsspec", "imagecodecs (>=2023.1.23)", "lxml", "matplotlib", "zarr"]

[metadata]
lock-version = "2.0"
python-versions = "<3.12,>=3.8"
content-hash = "5489823105c5bf146e0039a60512d33750b686597ba537792336da59fd0e53c6"
